{
  "name": "@filecoin-pay/subgraph",
  "version": "3.0.0",
  "lockfileVersion": 3,
  "requires": true,
  "packages": {
    "": {
      "name": "@filecoin-pay/subgraph",
      "version": "3.0.0",
      "dependencies": {
        "@graphprotocol/graph-cli": "^0.97.0",
        "@graphprotocol/graph-ts": "^0.38.1"
      },
      "devDependencies": {
        "assemblyscript": "0.19.23",
        "matchstick-as": "^0.6.0",
        "mustache": "^4.2.0",
        "wabt": "^1.0.37"
      }
    },
    "../../node_modules/.pnpm/@graphprotocol+graph-cli@0.97.1_@types+node@24.7.0_bufferutil@4.0.9_typescript@5.9.3_utf-8-validate@5.0.10_zod@3.25.76/node_modules/@graphprotocol/graph-cli": {
      "version": "0.97.1",
      "license": "(Apache-2.0 OR MIT)",
      "dependencies": {
        "@float-capital/float-subgraph-uncrashable": "0.0.0-internal-testing.5",
        "@oclif/core": "4.3.0",
        "@oclif/plugin-autocomplete": "^3.2.11",
        "@oclif/plugin-not-found": "^3.2.29",
        "@oclif/plugin-warn-if-update-available": "^3.1.24",
        "@pinax/graph-networks-registry": "^0.6.5",
        "@whatwg-node/fetch": "^0.10.1",
        "assemblyscript": "0.19.23",
        "chokidar": "4.0.3",
        "debug": "4.4.1",
        "docker-compose": "1.2.0",
        "fs-extra": "11.3.0",
        "glob": "11.0.2",
        "gluegun": "5.2.0",
        "graphql": "16.11.0",
        "immutable": "5.1.2",
        "jayson": "4.2.0",
        "js-yaml": "4.1.0",
        "kubo-rpc-client": "^5.0.2",
        "open": "10.1.2",
        "prettier": "3.5.3",
        "semver": "7.7.2",
        "tmp-promise": "3.0.3",
        "undici": "7.9.0",
        "web3-eth-abi": "4.4.1",
        "yaml": "2.8.0"
      },
      "bin": {
        "graph": "bin/run.js"
      },
      "devDependencies": {
        "@types/debug": "^4.1.12",
        "@types/fs-extra": "^11.0.4",
        "@types/js-yaml": "^4.0.9",
        "@types/semver": "^7.5.8",
        "@types/which": "^3.0.4",
        "copyfiles": "^2.4.1",
        "oclif": "4.16.0",
        "spawn-command": "1.0.0",
        "strip-ansi": "7.1.0",
        "typescript": "^5.7.2",
        "vitest": "^3.0.0"
      },
      "engines": {
        "node": ">=20.18.1"
      }
    },
    "../../node_modules/.pnpm/@graphprotocol+graph-ts@0.38.1/node_modules/@graphprotocol/graph-ts": {
      "version": "0.38.1",
      "dependencies": {
        "assemblyscript": "0.27.31"
      }
    },
    "../../node_modules/.pnpm/assemblyscript@0.19.23/node_modules/assemblyscript": {
      "version": "0.19.23",
      "dev": true,
      "license": "Apache-2.0",
      "dependencies": {
        "binaryen": "102.0.0-nightly.20211028",
        "long": "^5.2.0",
        "source-map-support": "^0.5.20"
      },
      "bin": {
        "asc": "bin/asc",
        "asinit": "bin/asinit"
      },
      "funding": {
        "type": "opencollective",
        "url": "https://opencollective.com/assemblyscript"
      }
    },
    "../../node_modules/.pnpm/matchstick-as@0.6.0/node_modules/matchstick-as": {
      "version": "0.6.0",
      "dev": true,
      "license": "MIT",
      "dependencies": {
        "wabt": "1.0.24"
      },
      "devDependencies": {
        "@graphprotocol/graph-ts": "^0.30.0",
        "assemblyscript": "^0.19.20"
      }
    },
    "../../node_modules/.pnpm/mustache@4.2.0/node_modules/mustache": {
      "version": "4.2.0",
      "dev": true,
      "license": "MIT",
      "bin": {
        "mustache": "bin/mustache"
      },
      "devDependencies": {
        "chai": "^3.4.0",
        "eslint": "^6.5.1",
        "esm": "^3.2.25",
        "jshint": "^2.9.5",
        "mocha": "^3.0.2",
        "puppeteer": "^2.0.0",
        "rollup": "^1.26.3",
        "uglify-js": "^3.4.6",
        "zuul": "^3.11.0",
        "zuul-ngrok": "nolanlawson/zuul-ngrok#patch-1"
      }
    },
    "../../node_modules/.pnpm/wabt@1.0.38/node_modules/wabt": {
      "version": "1.0.38",
      "dev": true,
      "license": "Apache-2.0",
      "bin": {
        "wasm-decompile": "bin/wasm-decompile",
        "wasm-interp": "bin/wasm-interp",
        "wasm-objdump": "bin/wasm-objdump",
        "wasm-stats": "bin/wasm-stats",
        "wasm-strip": "bin/wasm-strip",
        "wasm-validate": "bin/wasm-validate",
        "wasm2c": "bin/wasm2c",
        "wasm2wat": "bin/wasm2wat",
        "wat2wasm": "bin/wat2wasm"
      },
      "devDependencies": {
        "assemblyscript": "^0.12.5",
        "dateformat": "^3.0.3",
        "semver": "^7.6.0",
        "simple-git": "^3.24.0",
        "tape": "^5.7.5"
      }
    },
    "node_modules/@graphprotocol/graph-cli": {
      "resolved": "../../node_modules/.pnpm/@graphprotocol+graph-cli@0.97.1_@types+node@24.7.0_bufferutil@4.0.9_typescript@5.9.3_utf-8-validate@5.0.10_zod@3.25.76/node_modules/@graphprotocol/graph-cli",
      "link": true
    },
    "node_modules/@graphprotocol/graph-ts": {
      "resolved": "../../node_modules/.pnpm/@graphprotocol+graph-ts@0.38.1/node_modules/@graphprotocol/graph-ts",
      "link": true
    },
    "node_modules/assemblyscript": {
      "resolved": "../../node_modules/.pnpm/assemblyscript@0.19.23/node_modules/assemblyscript",
      "link": true
    },
    "node_modules/matchstick-as": {
      "resolved": "../../node_modules/.pnpm/matchstick-as@0.6.0/node_modules/matchstick-as",
      "link": true
    },
    "node_modules/mustache": {
      "resolved": "../../node_modules/.pnpm/mustache@4.2.0/node_modules/mustache",
      "link": true
    },
    "node_modules/wabt": {
      "resolved": "../../node_modules/.pnpm/wabt@1.0.38/node_modules/wabt",
      "link": true
    }
  }
}
